# This file is autogenerated, do not edit; changes may be undone by the next 'dep ensure'.


[[projects]]
  digest = "1:9f3b30d9f8e0d7040f729b82dcbc8f0dead820a133b3147ce355fc451f32d761"
  name = "github.com/BurntSushi/toml"
  packages = ["."]
  pruneopts = "UT"
  revision = "3012a1dbe2e4bd1391d42b32f0577cb7bbc7f005"
  version = "v0.3.1"

[[projects]]
  digest = "1:af4af244d704c5438539fa83b0b893a169d233939d113d72028b9ce43696fcf4"
  name = "github.com/corona10/goimagehash"
  packages = [
    ".",
    "etcs",
    "transforms",
  ]
  pruneopts = "UT"
  revision = "81672d701632bc2f2ba9c86e9bd28b645b39f92a"

[[projects]]
  digest = "1:ec6f9bf5e274c833c911923c9193867f3f18788c461f76f05f62bb1510e0ae65"
  name = "github.com/go-sql-driver/mysql"
  packages = ["."]
  pruneopts = "UT"
  revision = "72cd26f257d44c1114970e19afddcd812016007e"
  version = "v1.4.1"

[[projects]]
  digest = "1:586ea76dbd0374d6fb649a91d70d652b7fe0ccffb8910a77468e7702e7901f3d"
  name = "github.com/go-stack/stack"
  packages = ["."]
  pruneopts = "UT"
  revision = "2fee6af1a9795aafbe0253a0cfbdf668e1fb8a9a"
  version = "v1.8.0"

[[projects]]
  branch = "develop"
  digest = "1:b1dd4d5cc66fca6720e4769b245df60f35444c9950ff69fc208e0ea366d50ecc"
  name = "github.com/go-telegram-bot-api/telegram-bot-api"
  packages = ["."]
  pruneopts = "UT"
  revision = "ffe77fb717d3cda2df08269a6362c49ccab11ebf"

[[projects]]
  branch = "master"
  digest = "1:d2c84374e37085b97762b77f695101a96aea829293a6ab43915df0248a21fe9c"
  name = "github.com/golang/snappy"
  packages = ["."]
  pruneopts = "UT"
  revision = "196ae77b8a26000fa30caa8b2b541e09674dbc43"

[[projects]]
  digest = "1:09970bb8daf100bdf11b48b72c71ef980cd2b50efbd903989b3d182956be0b83"
  name = "github.com/hako/durafmt"
  packages = ["."]
  pruneopts = "UT"
  revision = "7b7ae1e72eade09dbc9c2cfba3e6c4bae7b8bcac"
  version = "1.0.0"

[[projects]]
  digest = "1:6d39be33a917111436132ff319562545899eaeca7039a1bfffd0cd0246990d78"
  name = "github.com/jinzhu/gorm"
  packages = [
    ".",
    "dialects/mysql",
  ]
  pruneopts = "UT"
  revision = "836fb2c19d84dac7b0272958dfb9af7cf0d0ade4"
  version = "v1.9.10"

[[projects]]
  digest = "1:01ed62f8f4f574d8aff1d88caee113700a2b44c42351943fa73cc1808f736a50"
  name = "github.com/jinzhu/inflection"
  packages = ["."]
  pruneopts = "UT"
  revision = "f5c5f50e6090ae76a29240b61ae2a90dd810112e"
  version = "v1.0.0"

[[projects]]
  digest = "1:48817cb3ca86acdda86a6f1afa457f4ad0860fe2fcc982fe8ab605375cf1ffa5"
  name = "github.com/klauspost/compress"
  packages = [
    "fse",
    "huff0",
    "snappy",
    "zstd",
    "zstd/internal/xxhash",
  ]
  pruneopts = "UT"
  revision = "a8f778f32d263b3a95d1e5a90534f5f680560abe"
  version = "v1.10.10"

[[projects]]
  digest = "1:09cb61dc19af93deae01587e2fdb1c081e0bf48f1a5ad5fa24f48750dc57dce8"
  name = "github.com/konsorten/go-windows-terminal-sequences"
  packages = ["."]
  pruneopts = "UT"
  revision = "edb144dfd453055e1e49a3d8b410a660b5a87613"
  version = "v1.0.3"

[[projects]]
  branch = "master"
  digest = "1:34534b73e925d20cc72cf202f8b482fdcbe3a1b113e19375f31aadabd0f0f97d"
  name = "github.com/nfnt/resize"
  packages = ["."]
  pruneopts = "UT"
  revision = "83c6a9932646f83e3267f353373d47347b6036b2"

[[projects]]
  digest = "1:9e1d37b58d17113ec3cb5608ac0382313c5b59470b94ed97d0976e69c7022314"
  name = "github.com/pkg/errors"
  packages = ["."]
  pruneopts = "UT"
  revision = "614d223910a179a466c1767a985424175c39b465"
  version = "v0.9.1"

[[projects]]
  branch = "v2"
  digest = "1:ef2ad4a90c4620df693fa29353f125b5702d6966fc699fa7d7aa1fd093f9db4b"
  name = "github.com/russross/blackfriday"
  packages = ["."]
  pruneopts = "UT"
  revision = "3e56bb68c8876389c631e9e318ce3c092a0906db"

[[projects]]
  digest = "1:05eebdd5727fea23083fce0d98d307d70c86baed644178e81608aaa9f09ea469"
  name = "github.com/sirupsen/logrus"
  packages = ["."]
  pruneopts = "UT"
  revision = "60c74ad9be0d874af0ab0daef6ab07c5c5911f0d"
  version = "v1.6.0"

[[projects]]
  digest = "1:420817f94b6c172dabb8a054d0b2d257d7437a87c7c8c7ee432bc008a577fc46"
  name = "github.com/technoweenie/multipartstreamer"
  packages = ["."]
  pruneopts = "UT"
  revision = "a90a01d73ae432e2611d178c18367fbaa13e0154"
  version = "v1.0.1"

[[projects]]
  branch = "master"
  digest = "1:40fdfd6ab85ca32b6935853bbba35935dcb1d796c8135efd85947566c76e662e"
  name = "github.com/xdg/scram"
  packages = ["."]
  pruneopts = "UT"
  revision = "7eeb5667e42c09cb51bf7b7c28aea8c56767da90"

[[projects]]
  branch = "master"
  digest = "1:f5c1d04bc09c644c592b45b9f0bad4030521b1a7d11c7dadbb272d9439fa6e8e"
  name = "github.com/xdg/stringprep"
  packages = ["."]
  pruneopts = "UT"
  revision = "73f8eece6fdcd902c185bf651de50f3828bed5ed"

[[projects]]
  digest = "1:76d964cb397db8163d9ad1ef9ce11d7b52c697c40cde626374813643a0b281e6"
  name = "github.com/zelenin/go-tdlib"
  packages = ["client"]
  pruneopts = "UT"
  revision = "fc77ad411999ca918b4841f0d4a84858d0984902"
  version = "v0.2.0"

[[projects]]
  branch = "master"
  digest = "1:18b2d813efcac6dfd74f0cced71a2006bdc5c1d81adee254560d7d1347c8aaa5"
  name = "gitlab.com/shitposting/datalibrary"
  packages = [
    "entities/autopostingbot",
    "entities/fpserver",
  ]
  pruneopts = "UT"
  revision = "254cd2aefdd00d6c3a1c0dfd57feab4b2d0500d7"

[[projects]]
  branch = "4-divide-library-into-packages"
  digest = "1:e0cdf68e5963527d5c688cd123b8ff9e2700f0ea06f4f6d60f715f5c069bc95c"
  name = "gitlab.com/shitposting/fingerprinting"
  packages = ["comparer"]
  pruneopts = "UT"
  revision = "c7ff648dd668178fffc27e6bdc921affe2f39b3c"

[[projects]]
  branch = "master"
  digest = "1:985dd6fb0e4d2ec4a30ac25973f16a2c7e7c5b1ffbe505d176da66be04723284"
  name = "gitlab.com/shitposting/loglog-ng"
  packages = ["."]
  pruneopts = "UT"
  revision = "a4ef995a5bb57efb4c0976842e7af56d945b43ec"

[[projects]]
  branch = "master"
  digest = "1:eb4ea938f67a898badee391fb8551e5f3a186ff4415139f58392f423678c6a59"
  name = "gitlab.com/shitposting/telegram-markdown-processor"
  packages = [
    "dbCaption",
    "telegramCaption",
  ]
  pruneopts = "UT"
  revision = "21e14a525438750715e0867293cf67e6e28388cd"

[[projects]]
  digest = "1:09cf83da2e89dfdba4ef14a6e1d193238ed9bc5f00ff198e5adb02aff2cce194"
  name = "go.mongodb.org/mongo-driver"
  packages = [
    "bson",
    "bson/bsoncodec",
    "bson/bsonoptions",
    "bson/bsonrw",
    "bson/bsontype",
    "bson/primitive",
    "event",
    "internal",
    "mongo",
    "mongo/options",
    "mongo/readconcern",
    "mongo/readpref",
    "mongo/writeconcern",
    "tag",
    "version",
    "x/bsonx",
    "x/bsonx/bsoncore",
    "x/mongo/driver",
    "x/mongo/driver/address",
    "x/mongo/driver/auth",
    "x/mongo/driver/auth/internal/gssapi",
    "x/mongo/driver/connstring",
    "x/mongo/driver/description",
    "x/mongo/driver/dns",
    "x/mongo/driver/mongocrypt",
    "x/mongo/driver/mongocrypt/options",
    "x/mongo/driver/operation",
    "x/mongo/driver/session",
    "x/mongo/driver/topology",
    "x/mongo/driver/uuid",
    "x/mongo/driver/wiremessage",
  ]
  pruneopts = "UT"
  revision = "750fe7dfc033d023b335494a4ad2b713386e8e59"
  version = "v1.3.5"

[[projects]]
  branch = "master"
  digest = "1:f92f6956e4059f6a3efc14924d2dd58ba90da25cc57fe07ae3779ef2f5e0c5f2"
  name = "golang.org/x/crypto"
  packages = ["pbkdf2"]
  pruneopts = "UT"
  revision = "948cd5f35899cbf089c620b3caeac9b60fa08704"

[[projects]]
  branch = "master"
  digest = "1:4692f916cb72b2c295f04841036d85a3f13e96d1cc9e8e4c2c30edebac518053"
  name = "golang.org/x/sync"
  packages = ["semaphore"]
  pruneopts = "UT"
  revision = "6e8e738ad208923de99951fe0b48239bfd864f28"

[[projects]]
  branch = "master"
  digest = "1:de18db9b6b884884bbb43eafaee3c72a06c8d4ac69d87411c52b5801a5e814f7"
  name = "golang.org/x/sys"
  packages = [
    "internal/unsafeheader",
    "unix",
  ]
  pruneopts = "UT"
  revision = "ddb9806d33aed8dbaac1cd6f1cba58952e87f933"

[[projects]]
  digest = "1:a2c690dfee42801a26a0e88f69206feca8a3c2437fd476d84767468d7d7708e9"
  name = "golang.org/x/text"
  packages = [
    "internal/gen",
    "internal/triegen",
    "internal/ucd",
    "transform",
    "unicode/cldr",
    "unicode/norm",
  ]
  pruneopts = "UT"
  revision = "23ae387dee1f90d29a23c0e87ee0b46038fbed0e"
  version = "v0.3.3"

[[projects]]
  branch = "master"
  digest = "1:7b5ce208ea2ca1f96322e6a5b616839fe49ea798648a013039f300475a1aadfc"
  name = "golang.org/x/xerrors"
  packages = [
    ".",
    "internal",
  ]
  pruneopts = "UT"
  revision = "a985d3407aa71f30cf86696ee0a2f409709f22e1"

[[projects]]
  digest = "1:c25289f43ac4a68d88b02245742347c94f1e108c534dda442188015ff80669b3"
  name = "google.golang.org/appengine"
  packages = ["cloudsql"]
  pruneopts = "UT"
  revision = "5f2a59506353b8d5ba8cbbcd9f3c1f41f1eaf079"
  version = "v1.6.2"

[solve-meta]
  analyzer-name = "dep"
  analyzer-version = 1
  input-imports = [
    "github.com/BurntSushi/toml",
    "github.com/go-telegram-bot-api/telegram-bot-api",
    "github.com/hako/durafmt",
    "github.com/jinzhu/gorm",
    "github.com/jinzhu/gorm/dialects/mysql",
    "github.com/sirupsen/logrus",
    "github.com/zelenin/go-tdlib/client",
    "gitlab.com/shitposting/datalibrary/entities/autopostingbot",
    "gitlab.com/shitposting/datalibrary/entities/fpserver",
    "gitlab.com/shitposting/fingerprinting/comparer",
    "gitlab.com/shitposting/loglog-ng",
    "gitlab.com/shitposting/telegram-markdown-processor/dbCaption",
    "gitlab.com/shitposting/telegram-markdown-processor/telegramCaption",
    "go.mongodb.org/mongo-driver/bson",
    "go.mongodb.org/mongo-driver/bson/primitive",
    "go.mongodb.org/mongo-driver/mongo",
    "go.mongodb.org/mongo-driver/mongo/options",
  ]
  solver-name = "gps-cdcl"
  solver-version = 1
