# This file is autogenerated, do not edit; changes may be undone by the next 'dep ensure'.


[[projects]]
  name = "github.com/BurntSushi/toml"
  packages = ["."]
  revision = "3012a1dbe2e4bd1391d42b32f0577cb7bbc7f005"
  version = "v0.3.1"

[[projects]]
  name = "github.com/corona10/goimagehash"
  packages = [
    ".",
    "etcs",
    "transforms"
  ]
  revision = "81672d701632bc2f2ba9c86e9bd28b645b39f92a"

[[projects]]
  name = "github.com/go-sql-driver/mysql"
  packages = ["."]
  revision = "72cd26f257d44c1114970e19afddcd812016007e"
  version = "v1.4.1"

[[projects]]
  branch = "develop"
  name = "github.com/go-telegram-bot-api/telegram-bot-api"
  packages = ["."]
  revision = "ffe77fb717d3cda2df08269a6362c49ccab11ebf"

[[projects]]
  name = "github.com/hako/durafmt"
  packages = ["."]
  revision = "7b7ae1e72eade09dbc9c2cfba3e6c4bae7b8bcac"
  version = "1.0.0"

[[projects]]
  name = "github.com/jinzhu/gorm"
  packages = [
    ".",
    "dialects/mysql"
  ]
  revision = "836fb2c19d84dac7b0272958dfb9af7cf0d0ade4"
  version = "v1.9.10"

[[projects]]
  name = "github.com/jinzhu/inflection"
  packages = ["."]
  revision = "f5c5f50e6090ae76a29240b61ae2a90dd810112e"
  version = "v1.0.0"

[[projects]]
  branch = "master"
  name = "github.com/nfnt/resize"
  packages = ["."]
  revision = "83c6a9932646f83e3267f353373d47347b6036b2"

[[projects]]
  branch = "v2"
  name = "github.com/russross/blackfriday"
  packages = ["."]
  revision = "3e56bb68c8876389c631e9e318ce3c092a0906db"

[[projects]]
  name = "github.com/technoweenie/multipartstreamer"
  packages = ["."]
  revision = "a90a01d73ae432e2611d178c18367fbaa13e0154"
  version = "v1.0.1"

[[projects]]
  branch = "master"
  name = "gitlab.com/shitposting/datalibrary"
  packages = [
    "entities/autopostingbot",
    "entities/fpserver"
  ]
  revision = "254cd2aefdd00d6c3a1c0dfd57feab4b2d0500d7"

[[projects]]
  branch = "4-divide-library-into-packages"
  name = "gitlab.com/shitposting/fingerprinting"
  packages = ["comparer"]
  revision = "c7ff648dd668178fffc27e6bdc921affe2f39b3c"

[[projects]]
  branch = "master"
  name = "gitlab.com/shitposting/loglog-ng"
  packages = ["."]
  revision = "a4ef995a5bb57efb4c0976842e7af56d945b43ec"

[[projects]]
  branch = "master"
  name = "gitlab.com/shitposting/telegram-markdown-processor"
  packages = [
    "dbCaption",
    "telegramCaption"
  ]
  revision = "21e14a525438750715e0867293cf67e6e28388cd"

[[projects]]
  branch = "master"
  name = "golang.org/x/xerrors"
  packages = [
    ".",
    "internal"
  ]
  revision = "a985d3407aa71f30cf86696ee0a2f409709f22e1"

[[projects]]
  name = "google.golang.org/appengine"
  packages = ["cloudsql"]
  revision = "5f2a59506353b8d5ba8cbbcd9f3c1f41f1eaf079"
  version = "v1.6.2"

[solve-meta]
  analyzer-name = "dep"
  analyzer-version = 1
  inputs-digest = "bca1e0b4f4f43f31fbd52c2f31cb56e6e75ebb179c934a7123d2d9b8b27d2c84"
  solver-name = "gps-cdcl"
  solver-version = 1
